
Microsoft Visual Studio Solution File, Format Version 12.00
# Visual Studio Version 17
VisualStudioVersion = 17.0.31903.59
MinimumVisualStudioVersion = 10.0.40219.1
Project("{9A19103F-16F7-4668-BE54-9A1E7A4F7556}") = "Client", "src\Client\Client.csproj", "{F6DDF80C-A1FB-44B8-A775-21DBCCC3D036}"
EndProject
Project("{FAE04EC0-301F-11D3-BF4B-00C04F79EFBC}") = "Api", "src\Api\Api.csproj", "{49D9C7C5-38BC-4218-A1CC-3DFE8BEE4528}"
EndProject
Project("{FAE04EC0-301F-11D3-BF4B-00C04F79EFBC}") = "GSN.Domain", "src\GSN.Domain\GSN.Domain.csproj", "{F3D0D1AD-336C-4173-A2BD-2E5F0FB5B112}"
EndProject
Project("{FAE04EC0-301F-11D3-BF4B-00C04F79EFBC}") = "GSN.Application", "src\GSN.Application\GSN.Application.csproj", "{1FC54ED6-4EDB-4B59-956F-4D01F86427A6}"
EndProject
Project("{FAE04EC0-301F-11D3-BF4B-00C04F79EFBC}") = "GSN.Infrastructure", "src\GSN.Infrastructure\GSN.Infrastructure.csproj", "{BDF9D45F-00E8-430B-A299-E5FE0A7BD285}"
EndProject
Global
	GlobalSection(SolutionConfigurationPlatforms) = preSolution
		Debug|Any CPU = Debug|Any CPU
		Release|Any CPU = Release|Any CPU
	EndGlobalSection
	GlobalSection(ProjectConfigurationPlatforms) = postSolution
		{F6DDF80C-A1FB-44B8-A775-21DBCCC3D036}.Debug|Any CPU.ActiveCfg = Debug|Any CPU
		{F6DDF80C-A1FB-44B8-A775-21DBCCC3D036}.Debug|Any CPU.Build.0 = Debug|Any CPU
		{F6DDF80C-A1FB-44B8-A775-21DBCCC3D036}.Release|Any CPU.ActiveCfg = Release|Any CPU
		{F6DDF80C-A1FB-44B8-A775-21DBCCC3D036}.Release|Any CPU.Build.0 = Release|Any CPU
		{49D9C7C5-38BC-4218-A1CC-3DFE8BEE4528}.Debug|Any CPU.ActiveCfg = Debug|Any CPU
		{49D9C7C5-38BC-4218-A1CC-3DFE8BEE4528}.Debug|Any CPU.Build.0 = Debug|Any CPU
		{49D9C7C5-38BC-4218-A1CC-3DFE8BEE4528}.Release|Any CPU.ActiveCfg = Release|Any CPU
		{49D9C7C5-38BC-4218-A1CC-3DFE8BEE4528}.Release|Any CPU.Build.0 = Release|Any CPU
		{F3D0D1AD-336C-4173-A2BD-2E5F0FB5B112}.Debug|Any CPU.ActiveCfg = Debug|Any CPU
		{F3D0D1AD-336C-4173-A2BD-2E5F0FB5B112}.Debug|Any CPU.Build.0 = Debug|Any CPU
		{F3D0D1AD-336C-4173-A2BD-2E5F0FB5B112}.Release|Any CPU.ActiveCfg = Release|Any CPU
		{F3D0D1AD-336C-4173-A2BD-2E5F0FB5B112}.Release|Any CPU.Build.0 = Release|Any CPU
		{1FC54ED6-4EDB-4B59-956F-4D01F86427A6}.Debug|Any CPU.ActiveCfg = Debug|Any CPU
		{1FC54ED6-4EDB-4B59-956F-4D01F86427A6}.Debug|Any CPU.Build.0 = Debug|Any CPU
		{1FC54ED6-4EDB-4B59-956F-4D01F86427A6}.Release|Any CPU.ActiveCfg = Release|Any CPU
		{1FC54ED6-4EDB-4B59-956F-4D01F86427A6}.Release|Any CPU.Build.0 = Release|Any CPU
		{BDF9D45F-00E8-430B-A299-E5FE0A7BD285}.Debug|Any CPU.ActiveCfg = Debug|Any CPU
		{BDF9D45F-00E8-430B-A299-E5FE0A7BD285}.Debug|Any CPU.Build.0 = Debug|Any CPU
		{BDF9D45F-00E8-430B-A299-E5FE0A7BD285}.Release|Any CPU.ActiveCfg = Release|Any CPU
		{BDF9D45F-00E8-430B-A299-E5FE0A7BD285}.Release|Any CPU.Build.0 = Release|Any CPU
	EndGlobalSection
	GlobalSection(SolutionProperties) = preSolution
		HideSolutionNode = FALSE
	EndGlobalSection
	GlobalSection(ExtensibilityGlobals) = postSolution
		SolutionGuid = {372D0F50-632B-4EA9-AD16-74FB8C213570}
	EndGlobalSection
EndGlobal
